github.com/GeoNet/kit v0.0.0-20190918224938-2cc27e012059 h1:Zm0fT89J5BUvOxDPrSUw/l/nOpBPr4oBJQ/LfKj1rHo=
github.com/GeoNet/kit v0.0.0-20190918224938-2cc27e012059/go.mod h1:p4G2LfF1yi0QiVEZjkWrTlEZ2W7E9QvCNMqG9AYpmNQ=
github.com/antlr/antlr4 v0.0.0-20191031194250-3fcb6da1f690 h1:ZxuHyCRVyeoXhu/PK93BvZP66NoNIsSZzCykW5MezKc=
github.com/antlr/antlr4 v0.0.0-20191031194250-3fcb6da1f690/go.mod h1:T7PbCXFs94rrTttyxjbyT5+/1V8T2TYDejxUfHJjw1Y=
github.com/aws/aws-sdk-go v1.25.19 h1:sp3xP91qIAVhWufyn9qM6Zhhn6kX06WJQcmhRj7QTXc=
github.com/aws/aws-sdk-go v1.25.19/go.mod h1:KmX6BPdI08NWTb3/sm4ZGu5ShLoqVDhKgpiN924inxo=
github.com/golang/groupcache v0.0.0-20191002201903-404acd9df4cc h1:55rEp52jU6bkyslZ1+C/7NGfpQsEc6pxGLAGDOctqbw=
github.com/golang/groupcache v0.0.0-20191002201903-404acd9df4cc/go.mod h1:cIg4eruTrX1D+g88fzRXU5OdNfaM+9IcxsU14FzY7Hc=
github.com/golang/protobuf v1.3.2 h1:6nsPYzhq5kReh6QImI3k5qWzO4PEbvbIW2cwSfR/6xs=
github.com/golang/protobuf v1.3.2/go.mod h1:6lQm79b+lXiMfvg/cZm0SGofjICqVBUtrP5yJMmIC1U=
github.com/jmespath/go-jmespath v0.0.0-20180206201540-c2b33e8439af h1:pmfjZENx5imkbgOkpRUYLnmbU7UEFbjtDA2hxJ1ichM=
github.com/jmespath/go-jmespath v0.0.0-20180206201540-c2b33e8439af/go.mod h1:Nht3zPeWKUH0NzdCt2Blrr5ys8VGpn0CEB0cQHVjt7k=
github.com/lib/pq v1.2.0 h1:LXpIM/LZ5xGFhOpXAQUIMM1HdyqzVYM13zNdjCEEcA0=
github.com/lib/pq v1.2.0/go.mod h1:5WUZQaWbwv1U+lTReE5YruASi9Al49XbQIvNi/34Woo=
github.com/pkg/errors v0.8.1 h1:iURUrRGxPUNPdy5/HRSm+Yj6okJ6UtLINN0Q9M4+h3I=
github.com/pkg/errors v0.8.1/go.mod h1:bwawxfHBFNV+L2hUp1rHADufV3IMtnDRdf1r5NINEl0=
