github.com/GeoNet/kit v0.0.0-20190621022905-39967475bcb7 h1:aTqYfg/w74Jgma0uERPvBb2CQ3HwEIYREDw1qGvy8ZM=
github.com/GeoNet/kit v0.0.0-20190621022905-39967475bcb7/go.mod h1:p4G2LfF1yi0QiVEZjkWrTlEZ2W7E9QvCNMqG9AYpmNQ=
github.com/GeoNet/kit v0.0.0-20190918224938-2cc27e012059 h1:Zm0fT89J5BUvOxDPrSUw/l/nOpBPr4oBJQ/LfKj1rHo=
github.com/GeoNet/kit v0.0.0-20190918224938-2cc27e012059/go.mod h1:p4G2LfF1yi0QiVEZjkWrTlEZ2W7E9QvCNMqG9AYpmNQ=
github.com/golang/groupcache v0.0.0-20190129154638-5b532d6fd5ef h1:veQD95Isof8w9/WXiA+pa3tz3fJXkt5B7QaRBrM62gk=
github.com/golang/groupcache v0.0.0-20190129154638-5b532d6fd5ef/go.mod h1:cIg4eruTrX1D+g88fzRXU5OdNfaM+9IcxsU14FzY7Hc=
github.com/golang/protobuf v1.3.2-0.20190318194812-d3c38a4eb497 h1:5mkx1LI1iV+rjlOjWq4uRg00nMQztq85do3Pl6UfShA=
github.com/golang/protobuf v1.3.2-0.20190318194812-d3c38a4eb497/go.mod h1:6lQm79b+lXiMfvg/cZm0SGofjICqVBUtrP5yJMmIC1U=
github.com/lib/pq v1.0.1-0.20190326042056-d6156e141ac6 h1:cLbEkaDOC8apeToojH+/PHdUXvdWs1JxPinWGaxJE/4=
github.com/lib/pq v1.0.1-0.20190326042056-d6156e141ac6/go.mod h1:5WUZQaWbwv1U+lTReE5YruASi9Al49XbQIvNi/34Woo=
github.com/pkg/errors v0.8.2-0.20190227000051-27936f6d90f9/go.mod h1:bwawxfHBFNV+L2hUp1rHADufV3IMtnDRdf1r5NINEl0=
golang.org/x/sync v0.0.0-20190227155943-e225da77a7e6/go.mod h1:RxMgew5VJxzue5/jJTE5uejpjVlOe/izrB70Jof72aM=
