{
    "name": "fits-api",
    "version": "1.0.0",
    "lockfileVersion": 2,
    "requires": true,
    "packages": {
        "": {
            "name": "fits-api",
            "version": "1.0.0",
            "license": "UNLICENSED",
            "dependencies": {
                "@fortawesome/fontawesome-free": "6.1.1",
                "bootstrap": "5.1.1",
                "dygraphs": "1.1.1",
                "jquery": "3.5.1",
                "leaflet": "0.7.7"
            }
        },
        "node_modules/@fortawesome/fontawesome-free": {
            "version": "6.1.1",
            "resolved": "https://registry.npmjs.org/@fortawesome/fontawesome-free/-/fontawesome-free-6.1.1.tgz",
            "integrity": "sha512-J/3yg2AIXc9wznaVqpHVX3Wa5jwKovVF0AMYSnbmcXTiL3PpRPfF58pzWucCwEiCJBp+hCNRLWClTomD8SseKg==",
            "hasInstallScript": true,
            "engines": {
                "node": ">=6"
            }
        },
        "node_modules/@popperjs/core": {
            "version": "2.11.6",
            "resolved": "https://registry.npmjs.org/@popperjs/core/-/core-2.11.6.tgz",
            "integrity": "sha512-50/17A98tWUfQ176raKiOGXuYpLyyVMkxxG6oylzL3BPOlA6ADGdK7EYunSa4I064xerltq9TGXs8HmOk5E+vw==",
            "peer": true,
            "funding": {
                "type": "opencollective",
                "url": "https://opencollective.com/popperjs"
            }
        },
        "node_modules/bootstrap": {
            "version": "5.1.1",
            "resolved": "https://registry.npmjs.org/bootstrap/-/bootstrap-5.1.1.tgz",
            "integrity": "sha512-/jUa4sSuDZWlDLQ1gwQQR8uoYSvLJzDd8m5o6bPKh3asLAMYVZKdRCjb1joUd5WXf0WwCNzd2EjwQQhupou0dA==",
            "funding": {
                "type": "opencollective",
                "url": "https://opencollective.com/bootstrap"
            },
            "peerDependencies": {
                "@popperjs/core": "^2.10.1"
            }
        },
        "node_modules/dygraphs": {
            "version": "1.1.1",
            "resolved": "https://registry.npmjs.org/dygraphs/-/dygraphs-1.1.1.tgz",
            "integrity": "sha512-X0YJ8QC+z7b596s3hdr/udBoVZxbzw7DEddM8ZgenWF4TSF7GB2igwGbnC7ADxoFPv0df2F5MYC0dcH/DuOpnA=="
        },
        "node_modules/jquery": {
            "version": "3.5.1",
            "resolved": "https://registry.npmjs.org/jquery/-/jquery-3.5.1.tgz",
            "integrity": "sha512-XwIBPqcMn57FxfT+Go5pzySnm4KWkT1Tv7gjrpT1srtf8Weynl6R273VJ5GjkRb51IzMp5nbaPjJXMWeju2MKg=="
        },
        "node_modules/leaflet": {
            "version": "0.7.7",
            "resolved": "https://registry.npmjs.org/leaflet/-/leaflet-0.7.7.tgz",
            "integrity": "sha512-H1lR7J5VxhvQJQHlW2UywtxO63zilLrnwVsDvjKeyfntffj63Ml94gCk9YPYWBkiQgxisdiA8aJ30Zoou4VhEA=="
        }
    },
    "dependencies": {
        "@fortawesome/fontawesome-free": {
            "version": "6.1.1",
            "resolved": "https://registry.npmjs.org/@fortawesome/fontawesome-free/-/fontawesome-free-6.1.1.tgz",
            "integrity": "sha512-J/3yg2AIXc9wznaVqpHVX3Wa5jwKovVF0AMYSnbmcXTiL3PpRPfF58pzWucCwEiCJBp+hCNRLWClTomD8SseKg=="
        },
        "@popperjs/core": {
            "version": "2.11.6",
            "resolved": "https://registry.npmjs.org/@popperjs/core/-/core-2.11.6.tgz",
            "integrity": "sha512-50/17A98tWUfQ176raKiOGXuYpLyyVMkxxG6oylzL3BPOlA6ADGdK7EYunSa4I064xerltq9TGXs8HmOk5E+vw==",
            "peer": true
        },
        "bootstrap": {
            "version": "5.1.1",
            "resolved": "https://registry.npmjs.org/bootstrap/-/bootstrap-5.1.1.tgz",
            "integrity": "sha512-/jUa4sSuDZWlDLQ1gwQQR8uoYSvLJzDd8m5o6bPKh3asLAMYVZKdRCjb1joUd5WXf0WwCNzd2EjwQQhupou0dA==",
            "requires": {}
        },
        "dygraphs": {
            "version": "1.1.1",
            "resolved": "https://registry.npmjs.org/dygraphs/-/dygraphs-1.1.1.tgz",
            "integrity": "sha512-X0YJ8QC+z7b596s3hdr/udBoVZxbzw7DEddM8ZgenWF4TSF7GB2igwGbnC7ADxoFPv0df2F5MYC0dcH/DuOpnA=="
        },
        "jquery": {
            "version": "3.5.1",
            "resolved": "https://registry.npmjs.org/jquery/-/jquery-3.5.1.tgz",
            "integrity": "sha512-XwIBPqcMn57FxfT+Go5pzySnm4KWkT1Tv7gjrpT1srtf8Weynl6R273VJ5GjkRb51IzMp5nbaPjJXMWeju2MKg=="
        },
        "leaflet": {
            "version": "0.7.7",
            "resolved": "https://registry.npmjs.org/leaflet/-/leaflet-0.7.7.tgz",
            "integrity": "sha512-H1lR7J5VxhvQJQHlW2UywtxO63zilLrnwVsDvjKeyfntffj63Ml94gCk9YPYWBkiQgxisdiA8aJ30Zoou4VhEA=="
        }
    }
}
